
Microsoft Visual Studio Solution File, Format Version 12.00
# Visual Studio Version 17
VisualStudioVersion = 17.13.35931.197 d17.13
MinimumVisualStudioVersion = 10.0.40219.1
Project("{FAE04EC0-301F-11D3-BF4B-00C04F79EFBC}") = "VP-ConnectFour", "VP-ConnectFour\VP-ConnectFour.csproj", "{42243E64-1281-4F77-B34B-E9D6D6CCF333}"
EndProject
Global
	GlobalSection(SolutionConfigurationPlatforms) = preSolution
		Debug|Any CPU = Debug|Any CPU
		Release|Any CPU = Release|Any CPU
	EndGlobalSection
	GlobalSection(ProjectConfigurationPlatforms) = postSolution
		{42243E64-1281-4F77-B34B-E9D6D6CCF333}.Debug|Any CPU.ActiveCfg = Debug|Any CPU
		{42243E64-1281-4F77-B34B-E9D6D6CCF333}.Debug|Any CPU.Build.0 = Debug|Any CPU
		{42243E64-1281-4F77-B34B-E9D6D6CCF333}.Release|Any CPU.ActiveCfg = Release|Any CPU
		{42243E64-1281-4F77-B34B-E9D6D6CCF333}.Release|Any CPU.Build.0 = Release|Any CPU
	EndGlobalSection
	GlobalSection(SolutionProperties) = preSolution
		HideSolutionNode = FALSE
	EndGlobalSection
	GlobalSection(ExtensibilityGlobals) = postSolution
		SolutionGuid = {84B22EE5-A573-407E-854D-408C3F9638F6}
	EndGlobalSection
EndGlobal
